<?xml version="1.0" encoding="utf-8"?>
<Project ToolsVersion="4.0" xmlns="http://schemas.microsoft.com/developer/msbuild/2003">
  <ItemGroup>
    <ClCompile Include="Fahrzeug.cpp" />
    <ClCompile Include="MyString.cpp">
      <Filter>Datentypen</Filter>
    </ClCompile>
    <ClCompile Include="Main.cpp" />
  </ItemGroup>
  <ItemGroup>
    <ClInclude Include="Fahrzeug.h" />
    <ClInclude Include="MyString.h">
      <Filter>Datentypen</Filter>
    </ClInclude>
  </ItemGroup>
  <ItemGroup>
    <Filter Include="Datentypen">
      <UniqueIdentifier>{d706845f-7ee6-44ea-b79c-1141d9e66fd3}</UniqueIdentifier>
    </Filter>
  </ItemGroup>
</Project>