
Microsoft Visual Studio Solution File, Format Version 12.00
# Visual Studio 2013
VisualStudioVersion = 12.0.30501.0
MinimumVisualStudioVersion = 10.0.40219.1
Project("{8BC9CEB8-8B4A-11D0-8D11-00A0C91BC942}") = "Aufgabe_1", "Aufgabe_1\Aufgabe_1.vcxproj", "{8BFEE828-150A-499C-92B1-C30AAA97B129}"
EndProject
Project("{8BC9CEB8-8B4A-11D0-8D11-00A0C91BC942}") = "Aufgabe_2", "Aufgabe_2\Aufgabe_2.vcxproj", "{6D5AF6CB-7B38-4EBA-9A7A-30973C761D45}"
EndProject
Project("{8BC9CEB8-8B4A-11D0-8D11-00A0C91BC942}") = "Aufgabe_3", "Aufgabe_3\Aufgabe_3.vcxproj", "{BEC3F5F7-0B16-4EFD-A3E4-D3366159F75B}"
EndProject
Project("{8BC9CEB8-8B4A-11D0-8D11-00A0C91BC942}") = "Aufgabe_4", "Aufgabe_4\Aufgabe_4.vcxproj", "{67418EC0-9A8D-428A-A373-F9D844FA0135}"
EndProject
Global
	GlobalSection(SolutionConfigurationPlatforms) = preSolution
		Debug|Win32 = Debug|Win32
		Release|Win32 = Release|Win32
	EndGlobalSection
	GlobalSection(ProjectConfigurationPlatforms) = postSolution
		{8BFEE828-150A-499C-92B1-C30AAA97B129}.Debug|Win32.ActiveCfg = Debug|Win32
		{8BFEE828-150A-499C-92B1-C30AAA97B129}.Debug|Win32.Build.0 = Debug|Win32
		{8BFEE828-150A-499C-92B1-C30AAA97B129}.Release|Win32.ActiveCfg = Release|Win32
		{8BFEE828-150A-499C-92B1-C30AAA97B129}.Release|Win32.Build.0 = Release|Win32
		{6D5AF6CB-7B38-4EBA-9A7A-30973C761D45}.Debug|Win32.ActiveCfg = Debug|Win32
		{6D5AF6CB-7B38-4EBA-9A7A-30973C761D45}.Debug|Win32.Build.0 = Debug|Win32
		{6D5AF6CB-7B38-4EBA-9A7A-30973C761D45}.Release|Win32.ActiveCfg = Release|Win32
		{6D5AF6CB-7B38-4EBA-9A7A-30973C761D45}.Release|Win32.Build.0 = Release|Win32
		{BEC3F5F7-0B16-4EFD-A3E4-D3366159F75B}.Debug|Win32.ActiveCfg = Debug|Win32
		{BEC3F5F7-0B16-4EFD-A3E4-D3366159F75B}.Debug|Win32.Build.0 = Debug|Win32
		{BEC3F5F7-0B16-4EFD-A3E4-D3366159F75B}.Release|Win32.ActiveCfg = Release|Win32
		{BEC3F5F7-0B16-4EFD-A3E4-D3366159F75B}.Release|Win32.Build.0 = Release|Win32
		{67418EC0-9A8D-428A-A373-F9D844FA0135}.Debug|Win32.ActiveCfg = Debug|Win32
		{67418EC0-9A8D-428A-A373-F9D844FA0135}.Debug|Win32.Build.0 = Debug|Win32
		{67418EC0-9A8D-428A-A373-F9D844FA0135}.Release|Win32.ActiveCfg = Release|Win32
		{67418EC0-9A8D-428A-A373-F9D844FA0135}.Release|Win32.Build.0 = Release|Win32
	EndGlobalSection
	GlobalSection(SolutionProperties) = preSolution
		HideSolutionNode = FALSE
	EndGlobalSection
EndGlobal
